
Microsoft Visual Studio Solution File, Format Version 12.00
# Visual Studio Version 17
VisualStudioVersion = 17.9.0.0
MinimumVisualStudioVersion = 10.0.40219.1
Project("{FAE04EC0-301F-11D3-BF4B-00C04F79EFBC}") = "Core.Geometry", "Core.Geometry\Core.Geometry.csproj", "{D1814B5D-1DFD-4E27-A1E6-FBE1DD40CCB0}"
EndProject
Project("{FAE04EC0-301F-11D3-BF4B-00C04F79EFBC}") = "Core.Bim", "Core.Bim\Core.Bim.csproj", "{D51907C1-CC8D-4E00-8447-78DDA77A0806}"
EndProject
Project("{FAE04EC0-301F-11D3-BF4B-00C04F79EFBC}") = "Core.Mep", "Core.Mep\Core.Mep.csproj", "{55A40E2F-4E40-4D70-A338-695F1C18BD69}"
EndProject
Project("{FAE04EC0-301F-11D3-BF4B-00C04F79EFBC}") = "Core.Calculations", "Core.Calculations\Core.Calculations.csproj", "{415F7BF5-DAA0-4B1E-A029-7C12614586F7}"
EndProject
Project("{FAE04EC0-301F-11D3-BF4B-00C04F79EFBC}") = "Core.Ifc", "Core.Ifc\Core.Ifc.csproj", "{A6924DD0-47D7-4273-ADD9-60C934A298E0}"
EndProject
Project("{FAE04EC0-301F-11D3-BF4B-00C04F79EFBC}") = "Core.Takeoff", "Core.Takeoff\Core.Takeoff.csproj", "{4CAC0089-B92D-4958-A287-D8FFE4DF2090}"
EndProject
Project("{FAE04EC0-301F-11D3-BF4B-00C04F79EFBC}") = "Services.ProjectManagement", "Services.ProjectManagement\Services.ProjectManagement.csproj", "{64F14E47-6DD3-4F89-8190-25156A82A17C}"
EndProject
Project("{FAE04EC0-301F-11D3-BF4B-00C04F79EFBC}") = "Tests.Integration", "Tests.Integration\Tests.Integration.csproj", "{69502101-2207-4A9E-8787-9120259A0B3B}"
EndProject
Project("{FAE04EC0-301F-11D3-BF4B-00C04F79EFBC}") = "Core.Routing", "Core.Routing\Core.Routing.csproj", "{F00504DD-1656-4DAD-9C4F-F926B66D66F9}"
EndProject
Project("{FAE04EC0-301F-11D3-BF4B-00C04F79EFBC}") = "Core.ClashDetection", "Core.ClashDetection\Core.ClashDetection.csproj", "{AB7F78C5-4A6D-4C48-8E07-22D68F024896}"
EndProject
Project("{FAE04EC0-301F-11D3-BF4B-00C04F79EFBC}") = "Samples", "Samples\Samples.csproj", "{8B9E05B5-D8F2-4823-BEFD-35596C951D98}"
EndProject
Project("{FAE04EC0-301F-11D3-BF4B-00C04F79EFBC}") = "Tests", "Tests\Tests.csproj", "{46FDAF39-2F7C-405A-AA78-6D4C8179C6E2}"
EndProject
Global
	GlobalSection(SolutionConfigurationPlatforms) = preSolution
		Debug|Any CPU = Debug|Any CPU
		Release|Any CPU = Release|Any CPU
	EndGlobalSection
	GlobalSection(ProjectConfigurationPlatforms) = postSolution
		{D1814B5D-1DFD-4E27-A1E6-FBE1DD40CCB0}.Debug|Any CPU.ActiveCfg = Debug|Any CPU
		{D1814B5D-1DFD-4E27-A1E6-FBE1DD40CCB0}.Debug|Any CPU.Build.0 = Debug|Any CPU
		{D1814B5D-1DFD-4E27-A1E6-FBE1DD40CCB0}.Release|Any CPU.ActiveCfg = Release|Any CPU
		{D1814B5D-1DFD-4E27-A1E6-FBE1DD40CCB0}.Release|Any CPU.Build.0 = Release|Any CPU
		{D51907C1-CC8D-4E00-8447-78DDA77A0806}.Debug|Any CPU.ActiveCfg = Debug|Any CPU
		{D51907C1-CC8D-4E00-8447-78DDA77A0806}.Debug|Any CPU.Build.0 = Debug|Any CPU
		{D51907C1-CC8D-4E00-8447-78DDA77A0806}.Release|Any CPU.ActiveCfg = Release|Any CPU
		{D51907C1-CC8D-4E00-8447-78DDA77A0806}.Release|Any CPU.Build.0 = Release|Any CPU
		{55A40E2F-4E40-4D70-A338-695F1C18BD69}.Debug|Any CPU.ActiveCfg = Debug|Any CPU
		{55A40E2F-4E40-4D70-A338-695F1C18BD69}.Debug|Any CPU.Build.0 = Debug|Any CPU
		{55A40E2F-4E40-4D70-A338-695F1C18BD69}.Release|Any CPU.ActiveCfg = Release|Any CPU
		{55A40E2F-4E40-4D70-A338-695F1C18BD69}.Release|Any CPU.Build.0 = Release|Any CPU
		{415F7BF5-DAA0-4B1E-A029-7C12614586F7}.Debug|Any CPU.ActiveCfg = Debug|Any CPU
		{415F7BF5-DAA0-4B1E-A029-7C12614586F7}.Debug|Any CPU.Build.0 = Debug|Any CPU
		{415F7BF5-DAA0-4B1E-A029-7C12614586F7}.Release|Any CPU.ActiveCfg = Release|Any CPU
		{415F7BF5-DAA0-4B1E-A029-7C12614586F7}.Release|Any CPU.Build.0 = Release|Any CPU
		{A6924DD0-47D7-4273-ADD9-60C934A298E0}.Debug|Any CPU.ActiveCfg = Debug|Any CPU
		{A6924DD0-47D7-4273-ADD9-60C934A298E0}.Debug|Any CPU.Build.0 = Debug|Any CPU
		{A6924DD0-47D7-4273-ADD9-60C934A298E0}.Release|Any CPU.ActiveCfg = Release|Any CPU
		{A6924DD0-47D7-4273-ADD9-60C934A298E0}.Release|Any CPU.Build.0 = Release|Any CPU
		{4CAC0089-B92D-4958-A287-D8FFE4DF2090}.Debug|Any CPU.ActiveCfg = Debug|Any CPU
		{4CAC0089-B92D-4958-A287-D8FFE4DF2090}.Debug|Any CPU.Build.0 = Debug|Any CPU
		{4CAC0089-B92D-4958-A287-D8FFE4DF2090}.Release|Any CPU.ActiveCfg = Release|Any CPU
		{4CAC0089-B92D-4958-A287-D8FFE4DF2090}.Release|Any CPU.Build.0 = Release|Any CPU
		{64F14E47-6DD3-4F89-8190-25156A82A17C}.Debug|Any CPU.ActiveCfg = Debug|Any CPU
		{64F14E47-6DD3-4F89-8190-25156A82A17C}.Debug|Any CPU.Build.0 = Debug|Any CPU
		{64F14E47-6DD3-4F89-8190-25156A82A17C}.Release|Any CPU.ActiveCfg = Release|Any CPU
		{64F14E47-6DD3-4F89-8190-25156A82A17C}.Release|Any CPU.Build.0 = Release|Any CPU
		{69502101-2207-4A9E-8787-9120259A0B3B}.Debug|Any CPU.ActiveCfg = Debug|Any CPU
		{69502101-2207-4A9E-8787-9120259A0B3B}.Debug|Any CPU.Build.0 = Debug|Any CPU
		{69502101-2207-4A9E-8787-9120259A0B3B}.Release|Any CPU.ActiveCfg = Release|Any CPU
		{69502101-2207-4A9E-8787-9120259A0B3B}.Release|Any CPU.Build.0 = Release|Any CPU
		{F00504DD-1656-4DAD-9C4F-F926B66D66F9}.Debug|Any CPU.ActiveCfg = Debug|Any CPU
		{F00504DD-1656-4DAD-9C4F-F926B66D66F9}.Debug|Any CPU.Build.0 = Debug|Any CPU
		{F00504DD-1656-4DAD-9C4F-F926B66D66F9}.Release|Any CPU.ActiveCfg = Release|Any CPU
		{F00504DD-1656-4DAD-9C4F-F926B66D66F9}.Release|Any CPU.Build.0 = Release|Any CPU
		{AB7F78C5-4A6D-4C48-8E07-22D68F024896}.Debug|Any CPU.ActiveCfg = Debug|Any CPU
		{AB7F78C5-4A6D-4C48-8E07-22D68F024896}.Debug|Any CPU.Build.0 = Debug|Any CPU
		{AB7F78C5-4A6D-4C48-8E07-22D68F024896}.Release|Any CPU.ActiveCfg = Release|Any CPU
		{AB7F78C5-4A6D-4C48-8E07-22D68F024896}.Release|Any CPU.Build.0 = Release|Any CPU
		{8B9E05B5-D8F2-4823-BEFD-35596C951D98}.Debug|Any CPU.ActiveCfg = Debug|Any CPU
		{8B9E05B5-D8F2-4823-BEFD-35596C951D98}.Debug|Any CPU.Build.0 = Debug|Any CPU
		{8B9E05B5-D8F2-4823-BEFD-35596C951D98}.Release|Any CPU.ActiveCfg = Release|Any CPU
		{8B9E05B5-D8F2-4823-BEFD-35596C951D98}.Release|Any CPU.Build.0 = Release|Any CPU
		{46FDAF39-2F7C-405A-AA78-6D4C8179C6E2}.Debug|Any CPU.ActiveCfg = Debug|Any CPU
		{46FDAF39-2F7C-405A-AA78-6D4C8179C6E2}.Debug|Any CPU.Build.0 = Debug|Any CPU
		{46FDAF39-2F7C-405A-AA78-6D4C8179C6E2}.Release|Any CPU.ActiveCfg = Release|Any CPU
		{46FDAF39-2F7C-405A-AA78-6D4C8179C6E2}.Release|Any CPU.Build.0 = Release|Any CPU
	EndGlobalSection
EndGlobal
